<?xml version="1.0" encoding="utf-8"?>
<Project ToolsVersion="4.0" xmlns="http://schemas.microsoft.com/developer/msbuild/2003">
  <ItemGroup>
    <ClCompile Include="main.cpp" />
    <ClCompile Include="Controller.cpp" />
    <ClCompile Include="SceneTitle.cpp">
      <Filter>Title</Filter>
    </ClCompile>
    <ClCompile Include="SceneGame.cpp">
      <Filter>Game</Filter>
    </ClCompile>
    <ClCompile Include="Floor.cpp">
      <Filter>Game\Model</Filter>
    </ClCompile>
    <ClCompile Include="Elevator.cpp">
      <Filter>Game\Model</Filter>
    </ClCompile>
    <ClCompile Include="Page.cpp">
      <Filter>Game\Console</Filter>
    </ClCompile>
    <ClCompile Include="Console.cpp">
      <Filter>Game\Console</Filter>
    </ClCompile>
    <ClCompile Include="PageContent.cpp">
      <Filter>Game\Console\PageContent</Filter>
    </ClCompile>
    <ClCompile Include="Question1.cpp">
      <Filter>Game\Console\PageContent\Question</Filter>
    </ClCompile>
    <ClCompile Include="ConsoleButton.cpp">
      <Filter>Game\Console\PageContent\Button</Filter>
    </ClCompile>
    <ClCompile Include="SphereCollider.cpp">
      <Filter>Game\Collider</Filter>
    </ClCompile>
    <ClCompile Include="CollideManager.cpp">
      <Filter>Game\Collider</Filter>
    </ClCompile>
    <ClCompile Include="TestObject.cpp" />
    <ClCompile Include="SquareCollider.cpp">
      <Filter>Game\Collider</Filter>
    </ClCompile>
  </ItemGroup>
  <ItemGroup>
    <Filter Include="Title">
      <UniqueIdentifier>{c9f16a2a-7e67-420f-9b42-8cab2d702c84}</UniqueIdentifier>
    </Filter>
    <Filter Include="Game">
      <UniqueIdentifier>{0f0e56a9-7ac4-4fb8-9fbb-3ced98547bb0}</UniqueIdentifier>
    </Filter>
    <Filter Include="Game\Model">
      <UniqueIdentifier>{da8359a8-09cb-4089-a1f1-c771a133544f}</UniqueIdentifier>
    </Filter>
    <Filter Include="Game\Console">
      <UniqueIdentifier>{ba72a5a1-4431-4eb2-ab59-82dcc480a4c7}</UniqueIdentifier>
    </Filter>
    <Filter Include="Game\Console\PageContent">
      <UniqueIdentifier>{923c3043-dec4-4318-b543-ced74e14c580}</UniqueIdentifier>
    </Filter>
    <Filter Include="Game\Console\PageContent\Question">
      <UniqueIdentifier>{6d7b09a4-4b29-4588-9c54-3e0e49e70bef}</UniqueIdentifier>
    </Filter>
    <Filter Include="Game\Console\PageContent\Button">
      <UniqueIdentifier>{115424a5-0953-4ef3-a163-d262a72802af}</UniqueIdentifier>
    </Filter>
    <Filter Include="Game\Collider">
      <UniqueIdentifier>{f2b11608-e6ff-48d1-945b-3920e324baac}</UniqueIdentifier>
    </Filter>
    <Filter Include="SceneInterface">
      <UniqueIdentifier>{9c5fed17-bba3-48f8-80c7-6c11008701af}</UniqueIdentifier>
    </Filter>
  </ItemGroup>
  <ItemGroup>
    <ClInclude Include="Scene.h">
      <Filter>SceneInterface</Filter>
    </ClInclude>
    <ClInclude Include="Controller.h" />
    <ClInclude Include="define.h" />
    <ClInclude Include="SceneTitle.h">
      <Filter>Title</Filter>
    </ClInclude>
    <ClInclude Include="SceneGame.h">
      <Filter>Game</Filter>
    </ClInclude>
    <ClInclude Include="Floor.h">
      <Filter>Game\Model</Filter>
    </ClInclude>
    <ClInclude Include="Elevator.h">
      <Filter>Game\Model</Filter>
    </ClInclude>
    <ClInclude Include="Page.h">
      <Filter>Game\Console</Filter>
    </ClInclude>
    <ClInclude Include="Console.h">
      <Filter>Game\Console</Filter>
    </ClInclude>
    <ClInclude Include="PageContent.h">
      <Filter>Game\Console\PageContent</Filter>
    </ClInclude>
    <ClInclude Include="Question1.h">
      <Filter>Game\Console\PageContent\Question</Filter>
    </ClInclude>
    <ClInclude Include="ConsoleButton.h">
      <Filter>Game\Console\PageContent\Button</Filter>
    </ClInclude>
    <ClInclude Include="CollideNotifier.h">
      <Filter>Game\Collider</Filter>
    </ClInclude>
    <ClInclude Include="SphereCollider.h">
      <Filter>Game\Collider</Filter>
    </ClInclude>
    <ClInclude Include="CollideManager.h">
      <Filter>Game\Collider</Filter>
    </ClInclude>
    <ClInclude Include="TestObject.h" />
    <ClInclude Include="SquareCollider.h">
      <Filter>Game\Collider</Filter>
    </ClInclude>
  </ItemGroup>
</Project>