<?xml version="1.0" encoding="utf-8"?>
<Project ToolsVersion="4.0" xmlns="http://schemas.microsoft.com/developer/msbuild/2003">
  <ItemGroup>
    <ClCompile Include="main.cpp" />
    <ClCompile Include="Controller.cpp" />
    <ClCompile Include="SceneTitle.cpp">
      <Filter>Title</Filter>
    </ClCompile>
    <ClCompile Include="SceneGame.cpp">
      <Filter>Game</Filter>
    </ClCompile>
    <ClCompile Include="Page.cpp">
      <Filter>Game\Console</Filter>
    </ClCompile>
    <ClCompile Include="Console.cpp">
      <Filter>Game\Console</Filter>
    </ClCompile>
    <ClCompile Include="PageContent.cpp">
      <Filter>Game\Console\PageContent</Filter>
    </ClCompile>
    <ClCompile Include="ConsoleButton.cpp">
      <Filter>Game\Console\PageContent\Button</Filter>
    </ClCompile>
    <ClCompile Include="SphereCollider.cpp">
      <Filter>Game\Collider</Filter>
    </ClCompile>
    <ClCompile Include="CollideManager.cpp">
      <Filter>Game\Collider</Filter>
    </ClCompile>
    <ClCompile Include="SquareCollider.cpp">
      <Filter>Game\Collider</Filter>
    </ClCompile>
    <ClCompile Include="Collider.cpp">
      <Filter>Game\Collider</Filter>
    </ClCompile>
    <ClCompile Include="TestObject.cpp">
      <Filter>Debug</Filter>
    </ClCompile>
    <ClCompile Include="TestSquare.cpp">
      <Filter>Debug</Filter>
    </ClCompile>
    <ClCompile Include="Player.cpp">
      <Filter>Game\Player</Filter>
    </ClCompile>
    <ClCompile Include="Door.cpp">
      <Filter>Game\Model\Elevator</Filter>
    </ClCompile>
    <ClCompile Include="Elevator.cpp">
      <Filter>Game\Model\Elevator</Filter>
    </ClCompile>
    <ClCompile Include="ElevatorAnnounce.cpp">
      <Filter>Game\Model\Elevator\Announce</Filter>
    </ClCompile>
    <ClCompile Include="ElevatorButton.cpp">
      <Filter>Game\Model\Elevator</Filter>
    </ClCompile>
    <ClCompile Include="ElevatorBox.cpp">
      <Filter>Game\Model\Elevator</Filter>
    </ClCompile>
    <ClCompile Include="ConsoleObserver.cpp">
      <Filter>Game\Console\Observer</Filter>
    </ClCompile>
    <ClCompile Include="QuestionManager.cpp">
      <Filter>Game\Question</Filter>
    </ClCompile>
    <ClCompile Include="Question1FloorHint.cpp">
      <Filter>Game\Model\Floor\Hint</Filter>
    </ClCompile>
    <ClCompile Include="Floor1.cpp">
      <Filter>Game\Model\Floor</Filter>
    </ClCompile>
    <ClCompile Include="Floor.cpp">
      <Filter>Game\Model\Floor\BaseFloor</Filter>
    </ClCompile>
    <ClCompile Include="Wall.cpp">
      <Filter>Game\Model\Floor\BaseFloor</Filter>
    </ClCompile>
    <ClCompile Include="ConsoleQuestion.cpp">
      <Filter>Game\Console\PageContent\Question</Filter>
    </ClCompile>
    <ClCompile Include="ConsoleQuestion1.cpp">
      <Filter>Game\Console\PageContent\Question</Filter>
    </ClCompile>
    <ClCompile Include="Floor2.cpp">
      <Filter>Game\Model\Floor</Filter>
    </ClCompile>
  </ItemGroup>
  <ItemGroup>
    <Filter Include="Title">
      <UniqueIdentifier>{c9f16a2a-7e67-420f-9b42-8cab2d702c84}</UniqueIdentifier>
    </Filter>
    <Filter Include="Game">
      <UniqueIdentifier>{0f0e56a9-7ac4-4fb8-9fbb-3ced98547bb0}</UniqueIdentifier>
    </Filter>
    <Filter Include="Game\Model">
      <UniqueIdentifier>{da8359a8-09cb-4089-a1f1-c771a133544f}</UniqueIdentifier>
    </Filter>
    <Filter Include="Game\Console">
      <UniqueIdentifier>{ba72a5a1-4431-4eb2-ab59-82dcc480a4c7}</UniqueIdentifier>
    </Filter>
    <Filter Include="Game\Console\PageContent">
      <UniqueIdentifier>{923c3043-dec4-4318-b543-ced74e14c580}</UniqueIdentifier>
    </Filter>
    <Filter Include="Game\Console\PageContent\Question">
      <UniqueIdentifier>{6d7b09a4-4b29-4588-9c54-3e0e49e70bef}</UniqueIdentifier>
    </Filter>
    <Filter Include="Game\Console\PageContent\Button">
      <UniqueIdentifier>{115424a5-0953-4ef3-a163-d262a72802af}</UniqueIdentifier>
    </Filter>
    <Filter Include="Game\Collider">
      <UniqueIdentifier>{f2b11608-e6ff-48d1-945b-3920e324baac}</UniqueIdentifier>
    </Filter>
    <Filter Include="SceneInterface">
      <UniqueIdentifier>{9c5fed17-bba3-48f8-80c7-6c11008701af}</UniqueIdentifier>
    </Filter>
    <Filter Include="Game\Model\Floor">
      <UniqueIdentifier>{0d500ab1-42b2-414e-90c6-af29a4a00268}</UniqueIdentifier>
    </Filter>
    <Filter Include="Debug">
      <UniqueIdentifier>{081684e2-0e5b-4257-868d-15e4e36977ed}</UniqueIdentifier>
    </Filter>
    <Filter Include="Game\Player">
      <UniqueIdentifier>{e12a181e-1776-470e-8e27-c349ae8253f7}</UniqueIdentifier>
    </Filter>
    <Filter Include="Game\Model\Elevator">
      <UniqueIdentifier>{3533635d-677e-42c8-835f-7190a984d05a}</UniqueIdentifier>
    </Filter>
    <Filter Include="Game\Model\Elevator\Announce">
      <UniqueIdentifier>{282873fc-8843-47c7-9a67-6ec140539fec}</UniqueIdentifier>
    </Filter>
    <Filter Include="Game\Console\Observer">
      <UniqueIdentifier>{31f1f65e-d8b6-4640-a8b9-b8f6497d3721}</UniqueIdentifier>
    </Filter>
    <Filter Include="Game\Question">
      <UniqueIdentifier>{ec3d1df7-0c9c-4479-97cd-a5c9ded5d876}</UniqueIdentifier>
    </Filter>
    <Filter Include="Game\Model\Floor\Hint">
      <UniqueIdentifier>{2d55013f-cdd8-4f9e-a20f-b28879ca03fb}</UniqueIdentifier>
    </Filter>
    <Filter Include="Game\Model\Floor\BaseFloor">
      <UniqueIdentifier>{294389c7-c458-4966-ba9a-8cd07008de67}</UniqueIdentifier>
    </Filter>
  </ItemGroup>
  <ItemGroup>
    <ClInclude Include="Scene.h">
      <Filter>SceneInterface</Filter>
    </ClInclude>
    <ClInclude Include="Controller.h" />
    <ClInclude Include="define.h" />
    <ClInclude Include="SceneTitle.h">
      <Filter>Title</Filter>
    </ClInclude>
    <ClInclude Include="SceneGame.h">
      <Filter>Game</Filter>
    </ClInclude>
    <ClInclude Include="Page.h">
      <Filter>Game\Console</Filter>
    </ClInclude>
    <ClInclude Include="Console.h">
      <Filter>Game\Console</Filter>
    </ClInclude>
    <ClInclude Include="PageContent.h">
      <Filter>Game\Console\PageContent</Filter>
    </ClInclude>
    <ClInclude Include="ConsoleButton.h">
      <Filter>Game\Console\PageContent\Button</Filter>
    </ClInclude>
    <ClInclude Include="SphereCollider.h">
      <Filter>Game\Collider</Filter>
    </ClInclude>
    <ClInclude Include="CollideManager.h">
      <Filter>Game\Collider</Filter>
    </ClInclude>
    <ClInclude Include="SquareCollider.h">
      <Filter>Game\Collider</Filter>
    </ClInclude>
    <ClInclude Include="Collider.h">
      <Filter>Game\Collider</Filter>
    </ClInclude>
    <ClInclude Include="TestObject.h">
      <Filter>Debug</Filter>
    </ClInclude>
    <ClInclude Include="TestSquare.h">
      <Filter>Debug</Filter>
    </ClInclude>
    <ClInclude Include="Player.h">
      <Filter>Game\Player</Filter>
    </ClInclude>
    <ClInclude Include="Door.h">
      <Filter>Game\Model\Elevator</Filter>
    </ClInclude>
    <ClInclude Include="Elevator.h">
      <Filter>Game\Model\Elevator</Filter>
    </ClInclude>
    <ClInclude Include="ElevatorAnnounceObservable.h">
      <Filter>Game\Model\Elevator\Announce</Filter>
    </ClInclude>
    <ClInclude Include="ElevatorAnnounceObserver.h">
      <Filter>Game\Model\Elevator\Announce</Filter>
    </ClInclude>
    <ClInclude Include="ElevatorAnnounce.h">
      <Filter>Game\Model\Elevator\Announce</Filter>
    </ClInclude>
    <ClInclude Include="ElevatorButton.h">
      <Filter>Game\Model\Elevator</Filter>
    </ClInclude>
    <ClInclude Include="ElevatorBox.h">
      <Filter>Game\Model\Elevator</Filter>
    </ClInclude>
    <ClInclude Include="ConsoleActiveObservable.h">
      <Filter>Game\Console\Observer</Filter>
    </ClInclude>
    <ClInclude Include="ConsoleActiveObserver.h">
      <Filter>Game\Console\Observer</Filter>
    </ClInclude>
    <ClInclude Include="ConsoleObserver.h">
      <Filter>Game\Console\Observer</Filter>
    </ClInclude>
    <ClInclude Include="QuestionManager.h">
      <Filter>Game\Question</Filter>
    </ClInclude>
    <ClInclude Include="Question1FloorHint.h">
      <Filter>Game\Model\Floor\Hint</Filter>
    </ClInclude>
    <ClInclude Include="Floor1.h">
      <Filter>Game\Model\Floor</Filter>
    </ClInclude>
    <ClInclude Include="Floor.h">
      <Filter>Game\Model\Floor\BaseFloor</Filter>
    </ClInclude>
    <ClInclude Include="Wall.h">
      <Filter>Game\Model\Floor\BaseFloor</Filter>
    </ClInclude>
    <ClInclude Include="ConsoleQuestion.h">
      <Filter>Game\Console\PageContent\Question</Filter>
    </ClInclude>
    <ClInclude Include="ConsoleQuestion1.h">
      <Filter>Game\Console\PageContent\Question</Filter>
    </ClInclude>
    <ClInclude Include="Floor2.h">
      <Filter>Game\Model\Floor</Filter>
    </ClInclude>
  </ItemGroup>
</Project>